
Microsoft Visual Studio Solution File, Format Version 12.00
# Visual Studio Version 16
VisualStudioVersion = 16.0.31410.357
MinimumVisualStudioVersion = 10.0.40219.1
Project("{9A19103F-16F7-4668-BE54-9A1E7A4F7556}") = "SidiBarrani.Server", "SidiBarrani.Server\SidiBarrani.Server.csproj", "{C403CFBA-E091-436B-AF8B-BDAA121A4E69}"
EndProject
Project("{9A19103F-16F7-4668-BE54-9A1E7A4F7556}") = "SidiBarrani.Client", "SidiBarrani.Client\SidiBarrani.Client.csproj", "{5CEA8C49-C638-4CF5-A548-28B2B9B5B581}"
EndProject
Project("{9A19103F-16F7-4668-BE54-9A1E7A4F7556}") = "SidiBarrani.Shared", "SidiBarrani.Shared\SidiBarrani.Shared.csproj", "{DEF6A1E6-9499-49DB-A296-2F9042F62294}"
EndProject
Project("{9A19103F-16F7-4668-BE54-9A1E7A4F7556}") = "SidiBarrani.Application", "SidiBarrani.Application\SidiBarrani.Application.csproj", "{48A33842-0559-4739-BC94-0E3E4C95048B}"
EndProject
Global
	GlobalSection(SolutionConfigurationPlatforms) = preSolution
		Debug|Any CPU = Debug|Any CPU
		Release|Any CPU = Release|Any CPU
	EndGlobalSection
	GlobalSection(ProjectConfigurationPlatforms) = postSolution
		{C403CFBA-E091-436B-AF8B-BDAA121A4E69}.Debug|Any CPU.ActiveCfg = Debug|Any CPU
		{C403CFBA-E091-436B-AF8B-BDAA121A4E69}.Debug|Any CPU.Build.0 = Debug|Any CPU
		{C403CFBA-E091-436B-AF8B-BDAA121A4E69}.Release|Any CPU.ActiveCfg = Release|Any CPU
		{C403CFBA-E091-436B-AF8B-BDAA121A4E69}.Release|Any CPU.Build.0 = Release|Any CPU
		{5CEA8C49-C638-4CF5-A548-28B2B9B5B581}.Debug|Any CPU.ActiveCfg = Debug|Any CPU
		{5CEA8C49-C638-4CF5-A548-28B2B9B5B581}.Debug|Any CPU.Build.0 = Debug|Any CPU
		{5CEA8C49-C638-4CF5-A548-28B2B9B5B581}.Release|Any CPU.ActiveCfg = Release|Any CPU
		{5CEA8C49-C638-4CF5-A548-28B2B9B5B581}.Release|Any CPU.Build.0 = Release|Any CPU
		{DEF6A1E6-9499-49DB-A296-2F9042F62294}.Debug|Any CPU.ActiveCfg = Debug|Any CPU
		{DEF6A1E6-9499-49DB-A296-2F9042F62294}.Debug|Any CPU.Build.0 = Debug|Any CPU
		{DEF6A1E6-9499-49DB-A296-2F9042F62294}.Release|Any CPU.ActiveCfg = Release|Any CPU
		{DEF6A1E6-9499-49DB-A296-2F9042F62294}.Release|Any CPU.Build.0 = Release|Any CPU
		{48A33842-0559-4739-BC94-0E3E4C95048B}.Debug|Any CPU.ActiveCfg = Debug|Any CPU
		{48A33842-0559-4739-BC94-0E3E4C95048B}.Debug|Any CPU.Build.0 = Debug|Any CPU
		{48A33842-0559-4739-BC94-0E3E4C95048B}.Release|Any CPU.ActiveCfg = Release|Any CPU
		{48A33842-0559-4739-BC94-0E3E4C95048B}.Release|Any CPU.Build.0 = Release|Any CPU
	EndGlobalSection
	GlobalSection(SolutionProperties) = preSolution
		HideSolutionNode = FALSE
	EndGlobalSection
	GlobalSection(ExtensibilityGlobals) = postSolution
		SolutionGuid = {E2052FDE-3D94-4DAC-97AA-7C0C78DB6516}
	EndGlobalSection
EndGlobal
